
Microsoft Visual Studio Solution File, Format Version 12.00
# Visual Studio Version 17
VisualStudioVersion = 17.0.31912.275
MinimumVisualStudioVersion = 10.0.40219.1
Project("{FAE04EC0-301F-11D3-BF4B-00C04F79EFBC}") = "Mute", "Mute\Mute.csproj", "{82165994-B8C2-46A3-9586-5457927B9C0E}"
EndProject
Global
	GlobalSection(SolutionConfigurationPlatforms) = preSolution
		Debug|x64 = Debug|x64
		Release|x64 = Release|x64
	EndGlobalSection
	GlobalSection(ProjectConfigurationPlatforms) = postSolution
		{82165994-B8C2-46A3-9586-5457927B9C0E}.Debug|x64.ActiveCfg = Debug|x64
		{82165994-B8C2-46A3-9586-5457927B9C0E}.Debug|x64.Build.0 = Debug|x64
		{82165994-B8C2-46A3-9586-5457927B9C0E}.Release|x64.ActiveCfg = Release|x64
		{82165994-B8C2-46A3-9586-5457927B9C0E}.Release|x64.Build.0 = Release|x64
	EndGlobalSection
	GlobalSection(SolutionProperties) = preSolution
		HideSolutionNode = FALSE
	EndGlobalSection
	GlobalSection(ExtensibilityGlobals) = postSolution
		SolutionGuid = {E1042D20-E1F1-4CCA-8C97-80487B633156}
	EndGlobalSection
EndGlobal
